
Microsoft Visual Studio Solution File, Format Version 12.00
# Visual Studio 14
VisualStudioVersion = 14.0.25420.1
MinimumVisualStudioVersion = 10.0.40219.1
Project("{FAE04EC0-301F-11D3-BF4B-00C04F79EFBC}") = "Blackboard", "Blackboard\Blackboard.csproj", "{0DBE2BBC-B6E7-45F2-9DB1-D667C9E0CC0E}"
EndProject
Global
	GlobalSection(SolutionConfigurationPlatforms) = preSolution
		Debug|Any CPU = Debug|Any CPU
		Release|Any CPU = Release|Any CPU
	EndGlobalSection
	GlobalSection(ProjectConfigurationPlatforms) = postSolution
		{0DBE2BBC-B6E7-45F2-9DB1-D667C9E0CC0E}.Debug|Any CPU.ActiveCfg = Debug|Any CPU
		{0DBE2BBC-B6E7-45F2-9DB1-D667C9E0CC0E}.Debug|Any CPU.Build.0 = Debug|Any CPU
		{0DBE2BBC-B6E7-45F2-9DB1-D667C9E0CC0E}.Release|Any CPU.ActiveCfg = Release|Any CPU
		{0DBE2BBC-B6E7-45F2-9DB1-D667C9E0CC0E}.Release|Any CPU.Build.0 = Release|Any CPU
	EndGlobalSection
	GlobalSection(SolutionProperties) = preSolution
		HideSolutionNode = FALSE
	EndGlobalSection
EndGlobal
